// !$*UTF8*$!
{
	archiveVersion = 1;
	classes = {
	};
	objectVersion = 46;
	objects = {

/* Begin PBXBuildFile section */
		71F76FB21E32083800330579 /* AppDelegate.swift in Sources */ = {isa = PBXBuildFile; fileRef = 71F76FB11E32083800330579 /* AppDelegate.swift */; };
		71F76FB41E32083800330579 /* ViewController.swift in Sources */ = {isa = PBXBuildFile; fileRef = 71F76FB31E32083800330579 /* ViewController.swift */; };
		71F76FB71E32083800330579 /* Main.storyboard in Resources */ = {isa = PBXBuildFile; fileRef = 71F76FB51E32083800330579 /* Main.storyboard */; };
		71F76FB91E32083800330579 /* Assets.xcassets in Resources */ = {isa = PBXBuildFile; fileRef = 71F76FB81E32083800330579 /* Assets.xcassets */; };
		71F76FBC1E32083800330579 /* LaunchScreen.storyboard in Resources */ = {isa = PBXBuildFile; fileRef = 71F76FBA1E32083800330579 /* LaunchScreen.storyboard */; };
		71F76FC71E32083900330579 /* magicpillTests.swift in Sources */ = {isa = PBXBuildFile; fileRef = 71F76FC61E32083900330579 /* magicpillTests.swift */; };
		71F76FD21E32083900330579 /* magicpillUITests.swift in Sources */ = {isa = PBXBuildFile; fileRef = 71F76FD11E32083900330579 /* magicpillUITests.swift */; };
/* End PBXBuildFile section */

/* Begin PBXContainerItemProxy section */
		71F76FC31E32083900330579 /* PBXContainerItemProxy */ = {
			isa = PBXContainerItemProxy;
			containerPortal = 71F76FA61E32083700330579 /* Project object */;
			proxyType = 1;
			remoteGlobalIDString = 71F76FAD1E32083700330579;
			remoteInfo = magicpill;
		};
		71F76FCE1E32083900330579 /* PBXContainerItemProxy */ = {
			isa = PBXContainerItemProxy;
			containerPortal = 71F76FA61E32083700330579 /* Project object */;
			proxyType = 1;
			remoteGlobalIDString = 71F76FAD1E32083700330579;
			remoteInfo = magicpill;
		};
/* End PBXContainerItemProxy section */

/* Begin PBXFileReference section */
		71F76FAE1E32083800330579 /* magicpill.app */ = {isa = PBXFileReference; explicitFileType = wrapper.application; includeInIndex = 0; path = magicpill.app; sourceTree = BUILT_PRODUCTS_DIR; };
		71F76FB11E32083800330579 /* AppDelegate.swift */ = {isa = PBXFileReference; lastKnownFileType = sourcecode.swift; path = AppDelegate.swift; sourceTree = "<group>"; };
		71F76FB31E32083800330579 /* ViewController.swift */ = {isa = PBXFileReference; lastKnownFileType = sourcecode.swift; path = ViewController.swift; sourceTree = "<group>"; };
		71F76FB61E32083800330579 /* Base */ = {isa = PBXFileReference; lastKnownFileType = file.storyboard; name = Base; path = Base.lproj/Main.storyboard; sourceTree = "<group>"; };
		71F76FB81E32083800330579 /* Assets.xcassets */ = {isa = PBXFileReference; lastKnownFileType = folder.assetcatalog; path = Assets.xcassets; sourceTree = "<group>"; };
		71F76FBB1E32083800330579 /* Base */ = {isa = PBXFileReference; lastKnownFileType = file.storyboard; name = Base; path = Base.lproj/LaunchScreen.storyboard; sourceTree = "<group>"; };
		71F76FBD1E32083800330579 /* Info.plist */ = {isa = PBXFileReference; lastKnownFileType = text.plist.xml; path = Info.plist; sourceTree = "<group>"; };
		71F76FC21E32083900330579 /* magicpillTests.xctest */ = {isa = PBXFileReference; explicitFileType = wrapper.cfbundle; includeInIndex = 0; path = magicpillTests.xctest; sourceTree = BUILT_PRODUCTS_DIR; };
		71F76FC61E32083900330579 /* magicpillTests.swift */ = {isa = PBXFileReference; lastKnownFileType = sourcecode.swift; path = magicpillTests.swift; sourceTree = "<group>"; };
		71F76FC81E32083900330579 /* Info.plist */ = {isa = PBXFileReference; lastKnownFileType = text.plist.xml; path = Info.plist; sourceTree = "<group>"; };
		71F76FCD1E32083900330579 /* magicpillUITests.xctest */ = {isa = PBXFileReference; explicitFileType = wrapper.cfbundle; includeInIndex = 0; path = magicpillUITests.xctest; sourceTree = BUILT_PRODUCTS_DIR; };
		71F76FD11E32083900330579 /* magicpillUITests.swift */ = {isa = PBXFileReference; lastKnownFileType = sourcecode.swift; path = magicpillUITests.swift; sourceTree = "<group>"; };
		71F76FD31E32083900330579 /* Info.plist */ = {isa = PBXFileReference; lastKnownFileType = text.plist.xml; path = Info.plist; sourceTree = "<group>"; };
/* End PBXFileReference section */

/* Begin PBXFrameworksBuildPhase section */
		71F76FAB1E32083700330579 /* Frameworks */ = {
			isa = PBXFrameworksBuildPhase;
			buildActionMask = 2147483647;
			files = (
			);
			runOnlyForDeploymentPostprocessing = 0;
		};
		71F76FBF1E32083900330579 /* Frameworks */ = {
			isa = PBXFrameworksBuildPhase;
			buildActionMask = 2147483647;
			files = (
			);
			runOnlyForDeploymentPostprocessing = 0;
		};
		71F76FCA1E32083900330579 /* Frameworks */ = {
			isa = PBXFrameworksBuildPhase;
			buildActionMask = 2147483647;
			files = (
			);
			runOnlyForDeploymentPostprocessing = 0;
		};
/* End PBXFrameworksBuildPhase section */

/* Begin PBXGroup section */
		71F76FA51E32083700330579 = {
			isa = PBXGroup;
			children = (
				71F76FB01E32083800330579 /* magicpill */,
				71F76FC51E32083900330579 /* magicpillTests */,
				71F76FD01E32083900330579 /* magicpillUITests */,
				71F76FAF1E32083800330579 /* Products */,
			);
			sourceTree = "<group>";
		};
		71F76FAF1E32083800330579 /* Products */ = {
			isa = PBXGroup;
			children = (
				71F76FAE1E32083800330579 /* magicpill.app */,
				71F76FC21E32083900330579 /* magicpillTests.xctest */,
				71F76FCD1E32083900330579 /* magicpillUITests.xctest */,
			);
			name = Products;
			sourceTree = "<group>";
		};
		71F76FB01E32083800330579 /* magicpill */ = {
			isa = PBXGroup;
			children = (
				71F76FB11E32083800330579 /* AppDelegate.swift */,
				71F76FB31E32083800330579 /* ViewController.swift */,
				71F76FB51E32083800330579 /* Main.storyboard */,
				71F76FB81E32083800330579 /* Assets.xcassets */,
				71F76FBA1E32083800330579 /* LaunchScreen.storyboard */,
				71F76FBD1E32083800330579 /* Info.plist */,
			);
			path = magicpill;
			sourceTree = "<group>";
		};
		71F76FC51E32083900330579 /* magicpillTests */ = {
			isa = PBXGroup;
			children = (
				71F76FC61E32083900330579 /* magicpillTests.swift */,
				71F76FC81E32083900330579 /* Info.plist */,
			);
			path = magicpillTests;
			sourceTree = "<group>";
		};
		71F76FD01E32083900330579 /* magicpillUITests */ = {
			isa = PBXGroup;
			children = (
				71F76FD11E32083900330579 /* magicpillUITests.swift */,
				71F76FD31E32083900330579 /* Info.plist */,
			);
			path = magicpillUITests;
			sourceTree = "<group>";
		};
/* End PBXGroup section */

/* Begin PBXNativeTarget section */
		71F76FAD1E32083700330579 /* magicpill */ = {
			isa = PBXNativeTarget;
			buildConfigurationList = 71F76FD61E32083900330579 /* Build configuration list for PBXNativeTarget "magicpill" */;
			buildPhases = (
				71F76FAA1E32083700330579 /* Sources */,
				71F76FAB1E32083700330579 /* Frameworks */,
				71F76FAC1E32083700330579 /* Resources */,
			);
			buildRules = (
			);
			dependencies = (
			);
			name = magicpill;
			productName = magicpill;
			productReference = 71F76FAE1E32083800330579 /* magicpill.app */;
			productType = "com.apple.product-type.application";
		};
		71F76FC11E32083900330579 /* magicpillTests */ = {
			isa = PBXNativeTarget;
			buildConfigurationList = 71F76FD91E32083900330579 /* Build configuration list for PBXNativeTarget "magicpillTests" */;
			buildPhases = (
				71F76FBE1E32083900330579 /* Sources */,
				71F76FBF1E32083900330579 /* Frameworks */,
				71F76FC01E32083900330579 /* Resources */,
			);
			buildRules = (
			);
			dependencies = (
				71F76FC41E32083900330579 /* PBXTargetDependency */,
			);
			name = magicpillTests;
			productName = magicpillTests;
			productReference = 71F76FC21E32083900330579 /* magicpillTests.xctest */;
			productType = "com.apple.product-type.bundle.unit-test";
		};
		71F76FCC1E32083900330579 /* magicpillUITests */ = {
			isa = PBXNativeTarget;
			buildConfigurationList = 71F76FDC1E32083900330579 /* Build configuration list for PBXNativeTarget "magicpillUITests" */;
			buildPhases = (
				71F76FC91E32083900330579 /* Sources */,
				71F76FCA1E32083900330579 /* Frameworks */,
				71F76FCB1E32083900330579 /* Resources */,
			);
			buildRules = (
			);
			dependencies = (
				71F76FCF1E32083900330579 /* PBXTargetDependency */,
			);
			name = magicpillUITests;
			productName = magicpillUITests;
			productReference = 71F76FCD1E32083900330579 /* magicpillUITests.xctest */;
			productType = "com.apple.product-type.bundle.ui-testing";
		};
/* End PBXNativeTarget section */

/* Begin PBXProject section */
		71F76FA61E32083700330579 /* Project object */ = {
			isa = PBXProject;
			attributes = {
				LastSwiftUpdateCheck = 0820;
				LastUpgradeCheck = 0820;
				ORGANIZATIONNAME = zeolabs;
				TargetAttributes = {
					71F76FAD1E32083700330579 = {
						CreatedOnToolsVersion = 8.2.1;
						DevelopmentTeam = K3DFKVCJ57;
						ProvisioningStyle = Automatic;
					};
					71F76FC11E32083900330579 = {
						CreatedOnToolsVersion = 8.2.1;
						ProvisioningStyle = Automatic;
						TestTargetID = 71F76FAD1E32083700330579;
					};
					71F76FCC1E32083900330579 = {
						CreatedOnToolsVersion = 8.2.1;
						ProvisioningStyle = Automatic;
						TestTargetID = 71F76FAD1E32083700330579;
					};
				};
			};
			buildConfigurationList = 71F76FA91E32083700330579 /* Build configuration list for PBXProject "magicpill" */;
			compatibilityVersion = "Xcode 3.2";
			developmentRegion = English;
			hasScannedForEncodings = 0;
			knownRegions = (
				en,
				Base,
			);
			mainGroup = 71F76FA51E32083700330579;
			productRefGroup = 71F76FAF1E32083800330579 /* Products */;
			projectDirPath = "";
			projectRoot = "";
			targets = (
				71F76FAD1E32083700330579 /* magicpill */,
				71F76FC11E32083900330579 /* magicpillTests */,
				71F76FCC1E32083900330579 /* magicpillUITests */,
			);
		};
/* End PBXProject section */

/* Begin PBXResourcesBuildPhase section */
		71F76FAC1E32083700330579 /* Resources */ = {
			isa = PBXResourcesBuildPhase;
			buildActionMask = 2147483647;
			files = (
				71F76FBC1E32083800330579 /* LaunchScreen.storyboard in Resources */,
				71F76FB91E32083800330579 /* Assets.xcassets in Resources */,
				71F76FB71E32083800330579 /* Main.storyboard in Resources */,
			);
			runOnlyForDeploymentPostprocessing = 0;
		};
		71F76FC01E32083900330579 /* Resources */ = {
			isa = PBXResourcesBuildPhase;
			buildActionMask = 2147483647;
			files = (
			);
			runOnlyForDeploymentPostprocessing = 0;
		};
		71F76FCB1E32083900330579 /* Resources */ = {
			isa = PBXResourcesBuildPhase;
			buildActionMask = 2147483647;
			files = (
			);
			runOnlyForDeploymentPostprocessing = 0;
		};
/* End PBXResourcesBuildPhase section */

/* Begin PBXSourcesBuildPhase section */
		71F76FAA1E32083700330579 /* Sources */ = {
			isa = PBXSourcesBuildPhase;
			buildActionMask = 2147483647;
			files = (
				71F76FB41E32083800330579 /* ViewController.swift in Sources */,
				71F76FB21E32083800330579 /* AppDelegate.swift in Sources */,
			);
			runOnlyForDeploymentPostprocessing = 0;
		};
		71F76FBE1E32083900330579 /* Sources */ = {
			isa = PBXSourcesBuildPhase;
			buildActionMask = 2147483647;
			files = (
				71F76FC71E32083900330579 /* magicpillTests.swift in Sources */,
			);
			runOnlyForDeploymentPostprocessing = 0;
		};
		71F76FC91E32083900330579 /* Sources */ = {
			isa = PBXSourcesBuildPhase;
			buildActionMask = 2147483647;
			files = (
				71F76FD21E32083900330579 /* magicpillUITests.swift in Sources */,
			);
			runOnlyForDeploymentPostprocessing = 0;
		};
/* End PBXSourcesBuildPhase section */

/* Begin PBXTargetDependency section */
		71F76FC41E32083900330579 /* PBXTargetDependency */ = {
			isa = PBXTargetDependency;
			target = 71F76FAD1E32083700330579 /* magicpill */;
			targetProxy = 71F76FC31E32083900330579 /* PBXContainerItemProxy */;
		};
		71F76FCF1E32083900330579 /* PBXTargetDependency */ = {
			isa = PBXTargetDependency;
			target = 71F76FAD1E32083700330579 /* magicpill */;
			targetProxy = 71F76FCE1E32083900330579 /* PBXContainerItemProxy */;
		};
/* End PBXTargetDependency section */

/* Begin PBXVariantGroup section */
		71F76FB51E32083800330579 /* Main.storyboard */ = {
			isa = PBXVariantGroup;
			children = (
				71F76FB61E32083800330579 /* Base */,
			);
			name = Main.storyboard;
			sourceTree = "<group>";
		};
		71F76FBA1E32083800330579 /* LaunchScreen.storyboard */ = {
			isa = PBXVariantGroup;
			children = (
				71F76FBB1E32083800330579 /* Base */,
			);
			name = LaunchScreen.storyboard;
			sourceTree = "<group>";
		};
/* End PBXVariantGroup section */

/* Begin XCBuildConfiguration section */
		71F76FD41E32083900330579 /* Debug */ = {
			isa = XCBuildConfiguration;
			buildSettings = {
				ALWAYS_SEARCH_USER_PATHS = NO;
				CLANG_ANALYZER_NONNULL = YES;
				CLANG_CXX_LANGUAGE_STANDARD = "gnu++0x";
				CLANG_CXX_LIBRARY = "libc++";
				CLANG_ENABLE_MODULES = YES;
				CLANG_ENABLE_OBJC_ARC = YES;
				CLANG_WARN_BOOL_CONVERSION = YES;
				CLANG_WARN_CONSTANT_CONVERSION = YES;
				CLANG_WARN_DIRECT_OBJC_ISA_USAGE = YES_ERROR;
				CLANG_WARN_DOCUMENTATION_COMMENTS = YES;
				CLANG_WARN_EMPTY_BODY = YES;
				CLANG_WARN_ENUM_CONVERSION = YES;
				CLANG_WARN_INFINITE_RECURSION = YES;
				CLANG_WARN_INT_CONVERSION = YES;
				CLANG_WARN_OBJC_ROOT_CLASS = YES_ERROR;
				CLANG_WARN_SUSPICIOUS_MOVE = YES;
				CLANG_WARN_UNREACHABLE_CODE = YES;
				CLANG_WARN__DUPLICATE_METHOD_MATCH = YES;
				"CODE_SIGN_IDENTITY[sdk=iphoneos*]" = "iPhone Developer";
				COPY_PHASE_STRIP = NO;
				DEBUG_INFORMATION_FORMAT = dwarf;
				ENABLE_STRICT_OBJC_MSGSEND = YES;
				ENABLE_TESTABILITY = YES;
				GCC_C_LANGUAGE_STANDARD = gnu99;
				GCC_DYNAMIC_NO_PIC = NO;
				GCC_NO_COMMON_BLOCKS = YES;
				GCC_OPTIMIZATION_LEVEL = 0;
				GCC_PREPROCESSOR_DEFINITIONS = (
					"DEBUG=1",
					"$(inherited)",
				);
				GCC_WARN_64_TO_32_BIT_CONVERSION = YES;
				GCC_WARN_ABOUT_RETURN_TYPE = YES_ERROR;
				GCC_WARN_UNDECLARED_SELECTOR = YES;
				GCC_WARN_UNINITIALIZED_AUTOS = YES_AGGRESSIVE;
				GCC_WARN_UNUSED_FUNCTION = YES;
				GCC_WARN_UNUSED_VARIABLE = YES;
				IPHONEOS_DEPLOYMENT_TARGET = 10.2;
				MTL_ENABLE_DEBUG_INFO = YES;
				ONLY_ACTIVE_ARCH = YES;
				SDKROOT = iphoneos;
				SWIFT_ACTIVE_COMPILATION_CONDITIONS = DEBUG;
				SWIFT_OPTIMIZATION_LEVEL = "-Onone";
				TARGETED_DEVICE_FAMILY = "1,2";
			};
			name = Debug;
		};
		71F76FD51E32083900330579 /* Release */ = {
			isa = XCBuildConfiguration;
			buildSettings = {
				ALWAYS_SEARCH_USER_PATHS = NO;
				CLANG_ANALYZER_NONNULL = YES;
				CLANG_CXX_LANGUAGE_STANDARD = "gnu++0x";
				CLANG_CXX_LIBRARY = "libc++";
				CLANG_ENABLE_MODULES = YES;
				CLANG_ENABLE_OBJC_ARC = YES;
				CLANG_WARN_BOOL_CONVERSION = YES;
				CLANG_WARN_CONSTANT_CONVERSION = YES;
				CLANG_WARN_DIRECT_OBJC_ISA_USAGE = YES_ERROR;
				CLANG_WARN_DOCUMENTATION_COMMENTS = YES;
				CLANG_WARN_EMPTY_BODY = YES;
				CLANG_WARN_ENUM_CONVERSION = YES;
				CLANG_WARN_INFINITE_RECURSION = YES;
				CLANG_WARN_INT_CONVERSION = YES;
				CLANG_WARN_OBJC_ROOT_CLASS = YES_ERROR;
				CLANG_WARN_SUSPICIOUS_MOVE = YES;
				CLANG_WARN_UNREACHABLE_CODE = YES;
				CLANG_WARN__DUPLICATE_METHOD_MATCH = YES;
				"CODE_SIGN_IDENTITY[sdk=iphoneos*]" = "iPhone Developer";
				COPY_PHASE_STRIP = NO;
				DEBUG_INFORMATION_FORMAT = "dwarf-with-dsym";
				ENABLE_NS_ASSERTIONS = NO;
				ENABLE_STRICT_OBJC_MSGSEND = YES;
				GCC_C_LANGUAGE_STANDARD = gnu99;
				GCC_NO_COMMON_BLOCKS = YES;
				GCC_WARN_64_TO_32_BIT_CONVERSION = YES;
				GCC_WARN_ABOUT_RETURN_TYPE = YES_ERROR;
				GCC_WARN_UNDECLARED_SELECTOR = YES;
				GCC_WARN_UNINITIALIZED_AUTOS = YES_AGGRESSIVE;
				GCC_WARN_UNUSED_FUNCTION = YES;
				GCC_WARN_UNUSED_VARIABLE = YES;
				IPHONEOS_DEPLOYMENT_TARGET = 10.2;
				MTL_ENABLE_DEBUG_INFO = NO;
				SDKROOT = iphoneos;
				SWIFT_OPTIMIZATION_LEVEL = "-Owholemodule";
				TARGETED_DEVICE_FAMILY = "1,2";
				VALIDATE_PRODUCT = YES;
			};
			name = Release;
		};
		71F76FD71E32083900330579 /* Debug */ = {
			isa = XCBuildConfiguration;
			buildSettings = {
				ASSETCATALOG_COMPILER_APPICON_NAME = AppIcon;
				DEVELOPMENT_TEAM = K3DFKVCJ57;
				INFOPLIST_FILE = magicpill/Info.plist;
				LD_RUNPATH_SEARCH_PATHS = "$(inherited) @executable_path/Frameworks";
				PRODUCT_BUNDLE_IDENTIFIER = zeolabs.magicpill;
				PRODUCT_NAME = "$(TARGET_NAME)";
				SWIFT_VERSION = 3.0;
			};
			name = Debug;
		};
		71F76FD81E32083900330579 /* Release */ = {
			isa = XCBuildConfiguration;
			buildSettings = {
				ASSETCATALOG_COMPILER_APPICON_NAME = AppIcon;
				DEVELOPMENT_TEAM = K3DFKVCJ57;
				INFOPLIST_FILE = magicpill/Info.plist;
				LD_RUNPATH_SEARCH_PATHS = "$(inherited) @executable_path/Frameworks";
				PRODUCT_BUNDLE_IDENTIFIER = zeolabs.magicpill;
				PRODUCT_NAME = "$(TARGET_NAME)";
				SWIFT_VERSION = 3.0;
			};
			name = Release;
		};
		71F76FDA1E32083900330579 /* Debug */ = {
			isa = XCBuildConfiguration;
			buildSettings = {
				ALWAYS_EMBED_SWIFT_STANDARD_LIBRARIES = YES;
				BUNDLE_LOADER = "$(TEST_HOST)";
				INFOPLIST_FILE = magicpillTests/Info.plist;
				LD_RUNPATH_SEARCH_PATHS = "$(inherited) @executable_path/Frameworks @loader_path/Frameworks";
				PRODUCT_BUNDLE_IDENTIFIER = zeolabs.magicpillTests;
				PRODUCT_NAME = "$(TARGET_NAME)";
				SWIFT_VERSION = 3.0;
				TEST_HOST = "$(BUILT_PRODUCTS_DIR)/magicpill.app/magicpill";
			};
			name = Debug;
		};
		71F76FDB1E32083900330579 /* Release */ = {
			isa = XCBuildConfiguration;
			buildSettings = {
				ALWAYS_EMBED_SWIFT_STANDARD_LIBRARIES = YES;
				BUNDLE_LOADER = "$(TEST_HOST)";
				INFOPLIST_FILE = magicpillTests/Info.plist;
				LD_RUNPATH_SEARCH_PATHS = "$(inherited) @executable_path/Frameworks @loader_path/Frameworks";
				PRODUCT_BUNDLE_IDENTIFIER = zeolabs.magicpillTests;
				PRODUCT_NAME = "$(TARGET_NAME)";
				SWIFT_VERSION = 3.0;
				TEST_HOST = "$(BUILT_PRODUCTS_DIR)/magicpill.app/magicpill";
			};
			name = Release;
		};
		71F76FDD1E32083900330579 /* Debug */ = {
			isa = XCBuildConfiguration;
			buildSettings = {
				ALWAYS_EMBED_SWIFT_STANDARD_LIBRARIES = YES;
				INFOPLIST_FILE = magicpillUITests/Info.plist;
				LD_RUNPATH_SEARCH_PATHS = "$(inherited) @executable_path/Frameworks @loader_path/Frameworks";
				PRODUCT_BUNDLE_IDENTIFIER = zeolabs.magicpillUITests;
				PRODUCT_NAME = "$(TARGET_NAME)";
				SWIFT_VERSION = 3.0;
				TEST_TARGET_NAME = magicpill;
			};
			name = Debug;
		};
		71F76FDE1E32083900330579 /* Release */ = {
			isa = XCBuildConfiguration;
			buildSettings = {
				ALWAYS_EMBED_SWIFT_STANDARD_LIBRARIES = YES;
				INFOPLIST_FILE = magicpillUITests/Info.plist;
				LD_RUNPATH_SEARCH_PATHS = "$(inherited) @executable_path/Frameworks @loader_path/Frameworks";
				PRODUCT_BUNDLE_IDENTIFIER = zeolabs.magicpillUITests;
				PRODUCT_NAME = "$(TARGET_NAME)";
				SWIFT_VERSION = 3.0;
				TEST_TARGET_NAME = magicpill;
			};
			name = Release;
		};
/* End XCBuildConfiguration section */

/* Begin XCConfigurationList section */
		71F76FA91E32083700330579 /* Build configuration list for PBXProject "magicpill" */ = {
			isa = XCConfigurationList;
			buildConfigurations = (
				71F76FD41E32083900330579 /* Debug */,
				71F76FD51E32083900330579 /* Release */,
			);
			defaultConfigurationIsVisible = 0;
			defaultConfigurationName = Release;
		};
		71F76FD61E32083900330579 /* Build configuration list for PBXNativeTarget "magicpill" */ = {
			isa = XCConfigurationList;
			buildConfigurations = (
				71F76FD71E32083900330579 /* Debug */,
				71F76FD81E32083900330579 /* Release */,
			);
			defaultConfigurationIsVisible = 0;
		};
		71F76FD91E32083900330579 /* Build configuration list for PBXNativeTarget "magicpillTests" */ = {
			isa = XCConfigurationList;
			buildConfigurations = (
				71F76FDA1E32083900330579 /* Debug */,
				71F76FDB1E32083900330579 /* Release */,
			);
			defaultConfigurationIsVisible = 0;
		};
		71F76FDC1E32083900330579 /* Build configuration list for PBXNativeTarget "magicpillUITests" */ = {
			isa = XCConfigurationList;
			buildConfigurations = (
				71F76FDD1E32083900330579 /* Debug */,
				71F76FDE1E32083900330579 /* Release */,
			);
			defaultConfigurationIsVisible = 0;
		};
/* End XCConfigurationList section */
	};
	rootObject = 71F76FA61E32083700330579 /* Project object */;
}
